
Microsoft Visual Studio Solution File, Format Version 12.00
# Visual Studio Version 17
VisualStudioVersion = 17.5.002.0
MinimumVisualStudioVersion = 10.0.40219.1
Project("{2150E333-8FDC-42A3-9474-1A3956D46DE8}") = "src", "src", "{C3DD666E-6683-4583-A58B-C08CF01E1036}"
EndProject
Project("{9A19103F-16F7-4668-BE54-9A1E7A4F7556}") = "ChatAppUI", "src\ChatAppUI\ChatAppUI.csproj", "{4F20A6EA-BC38-4AA9-ABDB-0F5501E36180}"
EndProject
Global
	GlobalSection(SolutionConfigurationPlatforms) = preSolution
		Debug|Any CPU = Debug|Any CPU
		Release|Any CPU = Release|Any CPU
	EndGlobalSection
	GlobalSection(ProjectConfigurationPlatforms) = postSolution
		{4F20A6EA-BC38-4AA9-ABDB-0F5501E36180}.Debug|Any CPU.ActiveCfg = Debug|Any CPU
		{4F20A6EA-BC38-4AA9-ABDB-0F5501E36180}.Debug|Any CPU.Build.0 = Debug|Any CPU
		{4F20A6EA-BC38-4AA9-ABDB-0F5501E36180}.Release|Any CPU.ActiveCfg = Release|Any CPU
		{4F20A6EA-BC38-4AA9-ABDB-0F5501E36180}.Release|Any CPU.Build.0 = Release|Any CPU
	EndGlobalSection
	GlobalSection(SolutionProperties) = preSolution
		HideSolutionNode = FALSE
	EndGlobalSection
	GlobalSection(NestedProjects) = preSolution
		{4F20A6EA-BC38-4AA9-ABDB-0F5501E36180} = {C3DD666E-6683-4583-A58B-C08CF01E1036}
	EndGlobalSection
	GlobalSection(ExtensibilityGlobals) = postSolution
		SolutionGuid = {F0B167AD-C96F-40D1-AE17-584F069952F7}
	EndGlobalSection
EndGlobal
